{
  "name": "hackathon-token-meter",
  "version": "0.1.0",
  "lockfileVersion": 3,
  "requires": true,
  "packages": {
    "": {
      "name": "hackathon-token-meter",
      "version": "0.1.0",
      "license": "MIT",
      "bin": {
        "hackathon-token-meter": "bin/htm.js",
        "htm": "bin/htm.js"
      },
      "engines": {
        "node": ">=22.13.0"
      }
    }
  }
}
